// !$*UTF8*$!
{
	archiveVersion = 1;
	classes = {
	};
	objectVersion = 48;
	objects = {

/* Begin PBXBuildFile section */
		DCD6F45420CAD8B20059F368 /* AppDelegate.swift in Sources */ = {isa = PBXBuildFile; fileRef = DCD6F45320CAD8B20059F368 /* AppDelegate.swift */; };
		DCD6F45620CAD8B20059F368 /* ViewController.swift in Sources */ = {isa = PBXBuildFile; fileRef = DCD6F45520CAD8B20059F368 /* ViewController.swift */; };
		DCD6F45920CAD8B20059F368 /* Main.storyboard in Resources */ = {isa = PBXBuildFile; fileRef = DCD6F45720CAD8B20059F368 /* Main.storyboard */; };
		DCD6F45C20CAD8B20059F368 /* AurotechApp.xcdatamodeld in Sources */ = {isa = PBXBuildFile; fileRef = DCD6F45A20CAD8B20059F368 /* AurotechApp.xcdatamodeld */; };
		DCD6F45E20CAD8B20059F368 /* Assets.xcassets in Resources */ = {isa = PBXBuildFile; fileRef = DCD6F45D20CAD8B20059F368 /* Assets.xcassets */; };
		DCD6F46120CAD8B20059F368 /* LaunchScreen.storyboard in Resources */ = {isa = PBXBuildFile; fileRef = DCD6F45F20CAD8B20059F368 /* LaunchScreen.storyboard */; };
/* End PBXBuildFile section */

/* Begin PBXFileReference section */
		DCD6F45020CAD8B20059F368 /* AurotechApp.app */ = {isa = PBXFileReference; explicitFileType = wrapper.application; includeInIndex = 0; path = AurotechApp.app; sourceTree = BUILT_PRODUCTS_DIR; };
		DCD6F45320CAD8B20059F368 /* AppDelegate.swift */ = {isa = PBXFileReference; lastKnownFileType = sourcecode.swift; path = AppDelegate.swift; sourceTree = "<group>"; };
		DCD6F45520CAD8B20059F368 /* ViewController.swift */ = {isa = PBXFileReference; lastKnownFileType = sourcecode.swift; path = ViewController.swift; sourceTree = "<group>"; };
		DCD6F45820CAD8B20059F368 /* Base */ = {isa = PBXFileReference; lastKnownFileType = file.storyboard; name = Base; path = Base.lproj/Main.storyboard; sourceTree = "<group>"; };
		DCD6F45B20CAD8B20059F368 /* AurotechApp.xcdatamodel */ = {isa = PBXFileReference; lastKnownFileType = wrapper.xcdatamodel; path = AurotechApp.xcdatamodel; sourceTree = "<group>"; };
		DCD6F45D20CAD8B20059F368 /* Assets.xcassets */ = {isa = PBXFileReference; lastKnownFileType = folder.assetcatalog; path = Assets.xcassets; sourceTree = "<group>"; };
		DCD6F46020CAD8B20059F368 /* Base */ = {isa = PBXFileReference; lastKnownFileType = file.storyboard; name = Base; path = Base.lproj/LaunchScreen.storyboard; sourceTree = "<group>"; };
		DCD6F46220CAD8B20059F368 /* Info.plist */ = {isa = PBXFileReference; lastKnownFileType = text.plist.xml; path = Info.plist; sourceTree = "<group>"; };
/* End PBXFileReference section */

/* Begin PBXFrameworksBuildPhase section */
		DCD6F44D20CAD8B20059F368 /* Frameworks */ = {
			isa = PBXFrameworksBuildPhase;
			buildActionMask = 2147483647;
			files = (
			);
			runOnlyForDeploymentPostprocessing = 0;
		};
/* End PBXFrameworksBuildPhase section */

/* Begin PBXGroup section */
		DCD6F44720CAD8B20059F368 = {
			isa = PBXGroup;
			children = (
				DCD6F45220CAD8B20059F368 /* AurotechApp */,
				DCD6F45120CAD8B20059F368 /* Products */,
			);
			sourceTree = "<group>";
		};
		DCD6F45120CAD8B20059F368 /* Products */ = {
			isa = PBXGroup;
			children = (
				DCD6F45020CAD8B20059F368 /* AurotechApp.app */,
			);
			name = Products;
			sourceTree = "<group>";
		};
		DCD6F45220CAD8B20059F368 /* AurotechApp */ = {
			isa = PBXGroup;
			children = (
				DCD6F45320CAD8B20059F368 /* AppDelegate.swift */,
				DCD6F45520CAD8B20059F368 /* ViewController.swift */,
				DCD6F45720CAD8B20059F368 /* Main.storyboard */,
				DCD6F45D20CAD8B20059F368 /* Assets.xcassets */,
				DCD6F45F20CAD8B20059F368 /* LaunchScreen.storyboard */,
				DCD6F46220CAD8B20059F368 /* Info.plist */,
				DCD6F45A20CAD8B20059F368 /* AurotechApp.xcdatamodeld */,
			);
			path = AurotechApp;
			sourceTree = "<group>";
		};
/* End PBXGroup section */

/* Begin PBXNativeTarget section */
		DCD6F44F20CAD8B20059F368 /* AurotechApp */ = {
			isa = PBXNativeTarget;
			buildConfigurationList = DCD6F46520CAD8B20059F368 /* Build configuration list for PBXNativeTarget "AurotechApp" */;
			buildPhases = (
				DCD6F44C20CAD8B20059F368 /* Sources */,
				DCD6F44D20CAD8B20059F368 /* Frameworks */,
				DCD6F44E20CAD8B20059F368 /* Resources */,
			);
			buildRules = (
			);
			dependencies = (
			);
			name = AurotechApp;
			productName = AurotechApp;
			productReference = DCD6F45020CAD8B20059F368 /* AurotechApp.app */;
			productType = "com.apple.product-type.application";
		};
/* End PBXNativeTarget section */

/* Begin PBXProject section */
		DCD6F44820CAD8B20059F368 /* Project object */ = {
			isa = PBXProject;
			attributes = {
				LastSwiftUpdateCheck = 0920;
				LastUpgradeCheck = 0920;
				TargetAttributes = {
					DCD6F44F20CAD8B20059F368 = {
						CreatedOnToolsVersion = 9.2;
						ProvisioningStyle = Manual;
					};
				};
			};
			buildConfigurationList = DCD6F44B20CAD8B20059F368 /* Build configuration list for PBXProject "AurotechApp" */;
			compatibilityVersion = "Xcode 8.0";
			developmentRegion = en;
			hasScannedForEncodings = 0;
			knownRegions = (
				en,
				Base,
			);
			mainGroup = DCD6F44720CAD8B20059F368;
			productRefGroup = DCD6F45120CAD8B20059F368 /* Products */;
			projectDirPath = "";
			projectRoot = "";
			targets = (
				DCD6F44F20CAD8B20059F368 /* AurotechApp */,
			);
		};
/* End PBXProject section */

/* Begin PBXResourcesBuildPhase section */
		DCD6F44E20CAD8B20059F368 /* Resources */ = {
			isa = PBXResourcesBuildPhase;
			buildActionMask = 2147483647;
			files = (
				DCD6F46120CAD8B20059F368 /* LaunchScreen.storyboard in Resources */,
				DCD6F45E20CAD8B20059F368 /* Assets.xcassets in Resources */,
				DCD6F45920CAD8B20059F368 /* Main.storyboard in Resources */,
			);
			runOnlyForDeploymentPostprocessing = 0;
		};
/* End PBXResourcesBuildPhase section */

/* Begin PBXSourcesBuildPhase section */
		DCD6F44C20CAD8B20059F368 /* Sources */ = {
			isa = PBXSourcesBuildPhase;
			buildActionMask = 2147483647;
			files = (
				DCD6F45C20CAD8B20059F368 /* AurotechApp.xcdatamodeld in Sources */,
				DCD6F45620CAD8B20059F368 /* ViewController.swift in Sources */,
				DCD6F45420CAD8B20059F368 /* AppDelegate.swift in Sources */,
			);
			runOnlyForDeploymentPostprocessing = 0;
		};
/* End PBXSourcesBuildPhase section */

/* Begin PBXVariantGroup section */
		DCD6F45720CAD8B20059F368 /* Main.storyboard */ = {
			isa = PBXVariantGroup;
			children = (
				DCD6F45820CAD8B20059F368 /* Base */,
			);
			name = Main.storyboard;
			sourceTree = "<group>";
		};
		DCD6F45F20CAD8B20059F368 /* LaunchScreen.storyboard */ = {
			isa = PBXVariantGroup;
			children = (
				DCD6F46020CAD8B20059F368 /* Base */,
			);
			name = LaunchScreen.storyboard;
			sourceTree = "<group>";
		};
/* End PBXVariantGroup section */

/* Begin XCBuildConfiguration section */
		DCD6F46320CAD8B20059F368 /* Debug */ = {
			isa = XCBuildConfiguration;
			buildSettings = {
				ALWAYS_SEARCH_USER_PATHS = NO;
				CLANG_ANALYZER_NONNULL = YES;
				CLANG_ANALYZER_NUMBER_OBJECT_CONVERSION = YES_AGGRESSIVE;
				CLANG_CXX_LANGUAGE_STANDARD = "gnu++14";
				CLANG_CXX_LIBRARY = "libc++";
				CLANG_ENABLE_MODULES = YES;
				CLANG_ENABLE_OBJC_ARC = YES;
				CLANG_WARN_BLOCK_CAPTURE_AUTORELEASING = YES;
				CLANG_WARN_BOOL_CONVERSION = YES;
				CLANG_WARN_COMMA = YES;
				CLANG_WARN_CONSTANT_CONVERSION = YES;
				CLANG_WARN_DIRECT_OBJC_ISA_USAGE = YES_ERROR;
				CLANG_WARN_DOCUMENTATION_COMMENTS = YES;
				CLANG_WARN_EMPTY_BODY = YES;
				CLANG_WARN_ENUM_CONVERSION = YES;
				CLANG_WARN_INFINITE_RECURSION = YES;
				CLANG_WARN_INT_CONVERSION = YES;
				CLANG_WARN_NON_LITERAL_NULL_CONVERSION = YES;
				CLANG_WARN_OBJC_LITERAL_CONVERSION = YES;
				CLANG_WARN_OBJC_ROOT_CLASS = YES_ERROR;
				CLANG_WARN_RANGE_LOOP_ANALYSIS = YES;
				CLANG_WARN_STRICT_PROTOTYPES = YES;
				CLANG_WARN_SUSPICIOUS_MOVE = YES;
				CLANG_WARN_UNGUARDED_AVAILABILITY = YES_AGGRESSIVE;
				CLANG_WARN_UNREACHABLE_CODE = YES;
				CLANG_WARN__DUPLICATE_METHOD_MATCH = YES;
				CODE_SIGN_IDENTITY = "iPhone Developer";
				COPY_PHASE_STRIP = NO;
				DEBUG_INFORMATION_FORMAT = dwarf;
				ENABLE_STRICT_OBJC_MSGSEND = YES;
				ENABLE_TESTABILITY = YES;
				GCC_C_LANGUAGE_STANDARD = gnu11;
				GCC_DYNAMIC_NO_PIC = NO;
				GCC_NO_COMMON_BLOCKS = YES;
				GCC_OPTIMIZATION_LEVEL = 0;
				GCC_PREPROCESSOR_DEFINITIONS = (
					"DEBUG=1",
					"$(inherited)",
				);
				GCC_WARN_64_TO_32_BIT_CONVERSION = YES;
				GCC_WARN_ABOUT_RETURN_TYPE = YES_ERROR;
				GCC_WARN_UNDECLARED_SELECTOR = YES;
				GCC_WARN_UNINITIALIZED_AUTOS = YES_AGGRESSIVE;
				GCC_WARN_UNUSED_FUNCTION = YES;
				GCC_WARN_UNUSED_VARIABLE = YES;
				IPHONEOS_DEPLOYMENT_TARGET = 11.2;
				MTL_ENABLE_DEBUG_INFO = YES;
				ONLY_ACTIVE_ARCH = YES;
				SDKROOT = iphoneos;
				SWIFT_ACTIVE_COMPILATION_CONDITIONS = DEBUG;
				SWIFT_OPTIMIZATION_LEVEL = "-Onone";
			};
			name = Debug;
		};
		DCD6F46420CAD8B20059F368 /* Release */ = {
			isa = XCBuildConfiguration;
			buildSettings = {
				ALWAYS_SEARCH_USER_PATHS = NO;
				CLANG_ANALYZER_NONNULL = YES;
				CLANG_ANALYZER_NUMBER_OBJECT_CONVERSION = YES_AGGRESSIVE;
				CLANG_CXX_LANGUAGE_STANDARD = "gnu++14";
				CLANG_CXX_LIBRARY = "libc++";
				CLANG_ENABLE_MODULES = YES;
				CLANG_ENABLE_OBJC_ARC = YES;
				CLANG_WARN_BLOCK_CAPTURE_AUTORELEASING = YES;
				CLANG_WARN_BOOL_CONVERSION = YES;
				CLANG_WARN_COMMA = YES;
				CLANG_WARN_CONSTANT_CONVERSION = YES;
				CLANG_WARN_DIRECT_OBJC_ISA_USAGE = YES_ERROR;
				CLANG_WARN_DOCUMENTATION_COMMENTS = YES;
				CLANG_WARN_EMPTY_BODY = YES;
				CLANG_WARN_ENUM_CONVERSION = YES;
				CLANG_WARN_INFINITE_RECURSION = YES;
				CLANG_WARN_INT_CONVERSION = YES;
				CLANG_WARN_NON_LITERAL_NULL_CONVERSION = YES;
				CLANG_WARN_OBJC_LITERAL_CONVERSION = YES;
				CLANG_WARN_OBJC_ROOT_CLASS = YES_ERROR;
				CLANG_WARN_RANGE_LOOP_ANALYSIS = YES;
				CLANG_WARN_STRICT_PROTOTYPES = YES;
				CLANG_WARN_SUSPICIOUS_MOVE = YES;
				CLANG_WARN_UNGUARDED_AVAILABILITY = YES_AGGRESSIVE;
				CLANG_WARN_UNREACHABLE_CODE = YES;
				CLANG_WARN__DUPLICATE_METHOD_MATCH = YES;
				CODE_SIGN_IDENTITY = "iPhone Developer";
				COPY_PHASE_STRIP = NO;
				DEBUG_INFORMATION_FORMAT = "dwarf-with-dsym";
				ENABLE_NS_ASSERTIONS = NO;
				ENABLE_STRICT_OBJC_MSGSEND = YES;
				GCC_C_LANGUAGE_STANDARD = gnu11;
				GCC_NO_COMMON_BLOCKS = YES;
				GCC_WARN_64_TO_32_BIT_CONVERSION = YES;
				GCC_WARN_ABOUT_RETURN_TYPE = YES_ERROR;
				GCC_WARN_UNDECLARED_SELECTOR = YES;
				GCC_WARN_UNINITIALIZED_AUTOS = YES_AGGRESSIVE;
				GCC_WARN_UNUSED_FUNCTION = YES;
				GCC_WARN_UNUSED_VARIABLE = YES;
				IPHONEOS_DEPLOYMENT_TARGET = 11.2;
				MTL_ENABLE_DEBUG_INFO = NO;
				SDKROOT = iphoneos;
				SWIFT_OPTIMIZATION_LEVEL = "-Owholemodule";
				VALIDATE_PRODUCT = YES;
			};
			name = Release;
		};
		DCD6F46620CAD8B20059F368 /* Debug */ = {
			isa = XCBuildConfiguration;
			buildSettings = {
				ASSETCATALOG_COMPILER_APPICON_NAME = AppIcon;
				"CODE_SIGN_IDENTITY[sdk=iphoneos*]" = "iPhone Distribution";
				CODE_SIGN_STYLE = Manual;
				DEVELOPMENT_TEAM = AEYT9SWX3U;
				INFOPLIST_FILE = AurotechApp/Info.plist;
				LD_RUNPATH_SEARCH_PATHS = "$(inherited) @executable_path/Frameworks";
				PRODUCT_BUNDLE_IDENTIFIER = com.aurotech.dicee;
				PRODUCT_NAME = "$(TARGET_NAME)";
				PROVISIONING_PROFILE = "2af899d1-6a0c-400e-9833-15ba67552989";
				PROVISIONING_PROFILE_SPECIFIER = aurotechdicee;
				SWIFT_VERSION = 4.0;
				TARGETED_DEVICE_FAMILY = "1,2";
			};
			name = Debug;
		};
		DCD6F46720CAD8B20059F368 /* Release */ = {
			isa = XCBuildConfiguration;
			buildSettings = {
				ASSETCATALOG_COMPILER_APPICON_NAME = AppIcon;
				"CODE_SIGN_IDENTITY[sdk=iphoneos*]" = "iPhone Distribution";
				CODE_SIGN_STYLE = Manual;
				DEVELOPMENT_TEAM = AEYT9SWX3U;
				INFOPLIST_FILE = AurotechApp/Info.plist;
				LD_RUNPATH_SEARCH_PATHS = "$(inherited) @executable_path/Frameworks";
				PRODUCT_BUNDLE_IDENTIFIER = com.aurotech.dicee;
				PRODUCT_NAME = "$(TARGET_NAME)";
				PROVISIONING_PROFILE = "2af899d1-6a0c-400e-9833-15ba67552989";
				PROVISIONING_PROFILE_SPECIFIER = aurotechdicee;
				SWIFT_VERSION = 4.0;
				TARGETED_DEVICE_FAMILY = "1,2";
			};
			name = Release;
		};
/* End XCBuildConfiguration section */

/* Begin XCConfigurationList section */
		DCD6F44B20CAD8B20059F368 /* Build configuration list for PBXProject "AurotechApp" */ = {
			isa = XCConfigurationList;
			buildConfigurations = (
				DCD6F46320CAD8B20059F368 /* Debug */,
				DCD6F46420CAD8B20059F368 /* Release */,
			);
			defaultConfigurationIsVisible = 0;
			defaultConfigurationName = Release;
		};
		DCD6F46520CAD8B20059F368 /* Build configuration list for PBXNativeTarget "AurotechApp" */ = {
			isa = XCConfigurationList;
			buildConfigurations = (
				DCD6F46620CAD8B20059F368 /* Debug */,
				DCD6F46720CAD8B20059F368 /* Release */,
			);
			defaultConfigurationIsVisible = 0;
			defaultConfigurationName = Release;
		};
/* End XCConfigurationList section */

/* Begin XCVersionGroup section */
		DCD6F45A20CAD8B20059F368 /* AurotechApp.xcdatamodeld */ = {
			isa = XCVersionGroup;
			children = (
				DCD6F45B20CAD8B20059F368 /* AurotechApp.xcdatamodel */,
			);
			currentVersion = DCD6F45B20CAD8B20059F368 /* AurotechApp.xcdatamodel */;
			path = AurotechApp.xcdatamodeld;
			sourceTree = "<group>";
			versionGroupType = wrapper.xcdatamodel;
		};
/* End XCVersionGroup section */
	};
	rootObject = DCD6F44820CAD8B20059F368 /* Project object */;
}
